{
  "requires": true,
  "lockfileVersion": 1,
  "dependencies": {
    "dhx-suite": {
      "version": "7.3.11",
      "resolved": "https://registry.npmjs.org/dhx-suite/-/dhx-suite-7.3.11.tgz",
      "integrity": "sha512-v56VnPDQUiiayLl3BH2JzvqhnyfSQFROEZ4WFkxqakdfjyGjczxnYK9137PeGmGw+CNQiUBpY3+mFm/GRpqCRg=="
    }
  }
}
